
Microsoft Visual Studio Solution File, Format Version 12.00
# Visual Studio 15
VisualStudioVersion = 15.0.26124.0
MinimumVisualStudioVersion = 15.0.26124.0
Project("{2150E333-8FDC-42A3-9474-1A3956D46DE8}") = "src", "src", "{CE8E964C-3492-4399-936A-A2AE8785950B}"
EndProject
Project("{2150E333-8FDC-42A3-9474-1A3956D46DE8}") = "Application", "Application", "{B4F2FCDA-91B6-4BB8-8772-63230DDF61FB}"
EndProject
Project("{FAE04EC0-301F-11D3-BF4B-00C04F79EFBC}") = "Fated.Application", "src\Application\Fated.Application\Fated.Application.csproj", "{89078302-9599-4505-9EF7-EA81A3B92FB1}"
EndProject
Project("{2150E333-8FDC-42A3-9474-1A3956D46DE8}") = "Domain", "Domain", "{7BDF4522-902C-448E-A5E9-81E6B31C2AE4}"
EndProject
Project("{FAE04EC0-301F-11D3-BF4B-00C04F79EFBC}") = "Fated.Domain", "src\Domain\Fated.Domain\Fated.Domain.csproj", "{0AB7D0AF-B736-48C9-B15F-F379420A36D6}"
EndProject
Project("{2150E333-8FDC-42A3-9474-1A3956D46DE8}") = "Infrastructure", "Infrastructure", "{71448EE2-2952-4BDA-B19A-A94776FD94B8}"
EndProject
Project("{FAE04EC0-301F-11D3-BF4B-00C04F79EFBC}") = "Fated.Infrastructure", "src\Infrastructure\Fated.Infrastructure\Fated.Infrastructure.csproj", "{D83A2BDD-6706-46AB-8CA6-10CBE942141C}"
EndProject
Project("{2150E333-8FDC-42A3-9474-1A3956D46DE8}") = "Presentation", "Presentation", "{A0DB9691-C42A-4A30-85A1-C7C117CB0020}"
EndProject
Project("{FAE04EC0-301F-11D3-BF4B-00C04F79EFBC}") = "Fated.Web", "src\Presentation\Fated.Web\Fated.Web.csproj", "{448397D0-9F61-4119-A2D3-796A3DB05617}"
EndProject
Project("{2150E333-8FDC-42A3-9474-1A3956D46DE8}") = "Services", "Services", "{E2F543BD-D41D-4917-B3B9-B14B1C814363}"
EndProject
Project("{FAE04EC0-301F-11D3-BF4B-00C04F79EFBC}") = "Fated.Api", "src\Services\Fated.Api\Fated.Api.csproj", "{52620299-7D9D-4150-A68C-E1E7DF83D85D}"
EndProject
Global
	GlobalSection(SolutionConfigurationPlatforms) = preSolution
		Debug|Any CPU = Debug|Any CPU
		Debug|x64 = Debug|x64
		Debug|x86 = Debug|x86
		Release|Any CPU = Release|Any CPU
		Release|x64 = Release|x64
		Release|x86 = Release|x86
	EndGlobalSection
	GlobalSection(SolutionProperties) = preSolution
		HideSolutionNode = FALSE
	EndGlobalSection
	GlobalSection(ProjectConfigurationPlatforms) = postSolution
		{89078302-9599-4505-9EF7-EA81A3B92FB1}.Debug|Any CPU.ActiveCfg = Debug|Any CPU
		{89078302-9599-4505-9EF7-EA81A3B92FB1}.Debug|Any CPU.Build.0 = Debug|Any CPU
		{89078302-9599-4505-9EF7-EA81A3B92FB1}.Debug|x64.ActiveCfg = Debug|Any CPU
		{89078302-9599-4505-9EF7-EA81A3B92FB1}.Debug|x64.Build.0 = Debug|Any CPU
		{89078302-9599-4505-9EF7-EA81A3B92FB1}.Debug|x86.ActiveCfg = Debug|Any CPU
		{89078302-9599-4505-9EF7-EA81A3B92FB1}.Debug|x86.Build.0 = Debug|Any CPU
		{89078302-9599-4505-9EF7-EA81A3B92FB1}.Release|Any CPU.ActiveCfg = Release|Any CPU
		{89078302-9599-4505-9EF7-EA81A3B92FB1}.Release|Any CPU.Build.0 = Release|Any CPU
		{89078302-9599-4505-9EF7-EA81A3B92FB1}.Release|x64.ActiveCfg = Release|Any CPU
		{89078302-9599-4505-9EF7-EA81A3B92FB1}.Release|x64.Build.0 = Release|Any CPU
		{89078302-9599-4505-9EF7-EA81A3B92FB1}.Release|x86.ActiveCfg = Release|Any CPU
		{89078302-9599-4505-9EF7-EA81A3B92FB1}.Release|x86.Build.0 = Release|Any CPU
		{0AB7D0AF-B736-48C9-B15F-F379420A36D6}.Debug|Any CPU.ActiveCfg = Debug|Any CPU
		{0AB7D0AF-B736-48C9-B15F-F379420A36D6}.Debug|Any CPU.Build.0 = Debug|Any CPU
		{0AB7D0AF-B736-48C9-B15F-F379420A36D6}.Debug|x64.ActiveCfg = Debug|Any CPU
		{0AB7D0AF-B736-48C9-B15F-F379420A36D6}.Debug|x64.Build.0 = Debug|Any CPU
		{0AB7D0AF-B736-48C9-B15F-F379420A36D6}.Debug|x86.ActiveCfg = Debug|Any CPU
		{0AB7D0AF-B736-48C9-B15F-F379420A36D6}.Debug|x86.Build.0 = Debug|Any CPU
		{0AB7D0AF-B736-48C9-B15F-F379420A36D6}.Release|Any CPU.ActiveCfg = Release|Any CPU
		{0AB7D0AF-B736-48C9-B15F-F379420A36D6}.Release|Any CPU.Build.0 = Release|Any CPU
		{0AB7D0AF-B736-48C9-B15F-F379420A36D6}.Release|x64.ActiveCfg = Release|Any CPU
		{0AB7D0AF-B736-48C9-B15F-F379420A36D6}.Release|x64.Build.0 = Release|Any CPU
		{0AB7D0AF-B736-48C9-B15F-F379420A36D6}.Release|x86.ActiveCfg = Release|Any CPU
		{0AB7D0AF-B736-48C9-B15F-F379420A36D6}.Release|x86.Build.0 = Release|Any CPU
		{D83A2BDD-6706-46AB-8CA6-10CBE942141C}.Debug|Any CPU.ActiveCfg = Debug|Any CPU
		{D83A2BDD-6706-46AB-8CA6-10CBE942141C}.Debug|Any CPU.Build.0 = Debug|Any CPU
		{D83A2BDD-6706-46AB-8CA6-10CBE942141C}.Debug|x64.ActiveCfg = Debug|Any CPU
		{D83A2BDD-6706-46AB-8CA6-10CBE942141C}.Debug|x64.Build.0 = Debug|Any CPU
		{D83A2BDD-6706-46AB-8CA6-10CBE942141C}.Debug|x86.ActiveCfg = Debug|Any CPU
		{D83A2BDD-6706-46AB-8CA6-10CBE942141C}.Debug|x86.Build.0 = Debug|Any CPU
		{D83A2BDD-6706-46AB-8CA6-10CBE942141C}.Release|Any CPU.ActiveCfg = Release|Any CPU
		{D83A2BDD-6706-46AB-8CA6-10CBE942141C}.Release|Any CPU.Build.0 = Release|Any CPU
		{D83A2BDD-6706-46AB-8CA6-10CBE942141C}.Release|x64.ActiveCfg = Release|Any CPU
		{D83A2BDD-6706-46AB-8CA6-10CBE942141C}.Release|x64.Build.0 = Release|Any CPU
		{D83A2BDD-6706-46AB-8CA6-10CBE942141C}.Release|x86.ActiveCfg = Release|Any CPU
		{D83A2BDD-6706-46AB-8CA6-10CBE942141C}.Release|x86.Build.0 = Release|Any CPU
		{448397D0-9F61-4119-A2D3-796A3DB05617}.Debug|Any CPU.ActiveCfg = Debug|Any CPU
		{448397D0-9F61-4119-A2D3-796A3DB05617}.Debug|Any CPU.Build.0 = Debug|Any CPU
		{448397D0-9F61-4119-A2D3-796A3DB05617}.Debug|x64.ActiveCfg = Debug|Any CPU
		{448397D0-9F61-4119-A2D3-796A3DB05617}.Debug|x64.Build.0 = Debug|Any CPU
		{448397D0-9F61-4119-A2D3-796A3DB05617}.Debug|x86.ActiveCfg = Debug|Any CPU
		{448397D0-9F61-4119-A2D3-796A3DB05617}.Debug|x86.Build.0 = Debug|Any CPU
		{448397D0-9F61-4119-A2D3-796A3DB05617}.Release|Any CPU.ActiveCfg = Release|Any CPU
		{448397D0-9F61-4119-A2D3-796A3DB05617}.Release|Any CPU.Build.0 = Release|Any CPU
		{448397D0-9F61-4119-A2D3-796A3DB05617}.Release|x64.ActiveCfg = Release|Any CPU
		{448397D0-9F61-4119-A2D3-796A3DB05617}.Release|x64.Build.0 = Release|Any CPU
		{448397D0-9F61-4119-A2D3-796A3DB05617}.Release|x86.ActiveCfg = Release|Any CPU
		{448397D0-9F61-4119-A2D3-796A3DB05617}.Release|x86.Build.0 = Release|Any CPU
		{52620299-7D9D-4150-A68C-E1E7DF83D85D}.Debug|Any CPU.ActiveCfg = Debug|Any CPU
		{52620299-7D9D-4150-A68C-E1E7DF83D85D}.Debug|Any CPU.Build.0 = Debug|Any CPU
		{52620299-7D9D-4150-A68C-E1E7DF83D85D}.Debug|x64.ActiveCfg = Debug|Any CPU
		{52620299-7D9D-4150-A68C-E1E7DF83D85D}.Debug|x64.Build.0 = Debug|Any CPU
		{52620299-7D9D-4150-A68C-E1E7DF83D85D}.Debug|x86.ActiveCfg = Debug|Any CPU
		{52620299-7D9D-4150-A68C-E1E7DF83D85D}.Debug|x86.Build.0 = Debug|Any CPU
		{52620299-7D9D-4150-A68C-E1E7DF83D85D}.Release|Any CPU.ActiveCfg = Release|Any CPU
		{52620299-7D9D-4150-A68C-E1E7DF83D85D}.Release|Any CPU.Build.0 = Release|Any CPU
		{52620299-7D9D-4150-A68C-E1E7DF83D85D}.Release|x64.ActiveCfg = Release|Any CPU
		{52620299-7D9D-4150-A68C-E1E7DF83D85D}.Release|x64.Build.0 = Release|Any CPU
		{52620299-7D9D-4150-A68C-E1E7DF83D85D}.Release|x86.ActiveCfg = Release|Any CPU
		{52620299-7D9D-4150-A68C-E1E7DF83D85D}.Release|x86.Build.0 = Release|Any CPU
	EndGlobalSection
	GlobalSection(NestedProjects) = preSolution
		{B4F2FCDA-91B6-4BB8-8772-63230DDF61FB} = {CE8E964C-3492-4399-936A-A2AE8785950B}
		{89078302-9599-4505-9EF7-EA81A3B92FB1} = {B4F2FCDA-91B6-4BB8-8772-63230DDF61FB}
		{7BDF4522-902C-448E-A5E9-81E6B31C2AE4} = {CE8E964C-3492-4399-936A-A2AE8785950B}
		{0AB7D0AF-B736-48C9-B15F-F379420A36D6} = {7BDF4522-902C-448E-A5E9-81E6B31C2AE4}
		{71448EE2-2952-4BDA-B19A-A94776FD94B8} = {CE8E964C-3492-4399-936A-A2AE8785950B}
		{D83A2BDD-6706-46AB-8CA6-10CBE942141C} = {71448EE2-2952-4BDA-B19A-A94776FD94B8}
		{A0DB9691-C42A-4A30-85A1-C7C117CB0020} = {CE8E964C-3492-4399-936A-A2AE8785950B}
		{448397D0-9F61-4119-A2D3-796A3DB05617} = {A0DB9691-C42A-4A30-85A1-C7C117CB0020}
		{E2F543BD-D41D-4917-B3B9-B14B1C814363} = {CE8E964C-3492-4399-936A-A2AE8785950B}
		{52620299-7D9D-4150-A68C-E1E7DF83D85D} = {E2F543BD-D41D-4917-B3B9-B14B1C814363}
	EndGlobalSection
EndGlobal
